{
  "name": "@glennsl/rescript-json-combinators",
  "version": "1.4.0",
  "lockfileVersion": 2,
  "requires": true,
  "packages": {
    "": {
      "name": "@glennsl/rescript-json-combinators",
      "version": "1.4.0",
      "license": "(LGPL-3.0 OR MPL-2.0)",
      "devDependencies": {
        "rescript": "^12.0.0-beta.1"
      },
      "engines": {
        "node": "*"
      }
    },
    "node_modules/@rescript/darwin-arm64": {
      "version": "12.0.0-beta.1",
      "resolved": "https://registry.npmjs.org/@rescript/darwin-arm64/-/darwin-arm64-12.0.0-beta.1.tgz",
      "integrity": "sha512-NSzlBbuGDS1D5NTw2W7lh98Ylek8cTSz/kHmkugj2ePrEyuVDEAqLiyWsj6pbvJ4LQzr8ZOCf8emnmslDgauEg==",
      "cpu": [
        "arm64"
      ],
      "dev": true,
      "optional": true,
      "os": [
        "darwin"
      ],
      "engines": {
        "node": ">=20.11.0"
      }
    },
    "node_modules/@rescript/darwin-x64": {
      "version": "12.0.0-beta.1",
      "resolved": "https://registry.npmjs.org/@rescript/darwin-x64/-/darwin-x64-12.0.0-beta.1.tgz",
      "integrity": "sha512-Jr0yArQHiwxW3grALCcXDpAbK4V3Zsrg6Ekn6WixzfJR9LaXbquJFST/BOs0aO3kKj2kJrDSbvheHhPcCdNa9w==",
      "cpu": [
        "x64"
      ],
      "dev": true,
      "optional": true,
      "os": [
        "darwin"
      ],
      "engines": {
        "node": ">=20.11.0"
      }
    },
    "node_modules/@rescript/linux-arm64": {
      "version": "12.0.0-beta.1",
      "resolved": "https://registry.npmjs.org/@rescript/linux-arm64/-/linux-arm64-12.0.0-beta.1.tgz",
      "integrity": "sha512-Hj8zcFd/QlNybKrj3AklIib1kbb5LuuXcBbNuD5vaMmbKwfAO8iUA9OTFyaHWqgMKurkKYEc2oa5IE3/EQntag==",
      "cpu": [
        "arm64"
      ],
      "dev": true,
      "optional": true,
      "os": [
        "linux"
      ],
      "engines": {
        "node": ">=20.11.0"
      }
    },
    "node_modules/@rescript/linux-x64": {
      "version": "12.0.0-beta.1",
      "resolved": "https://registry.npmjs.org/@rescript/linux-x64/-/linux-x64-12.0.0-beta.1.tgz",
      "integrity": "sha512-ZDTIvFzior+KZ964firAG9Sm6WunJM8+2OIElXvGIL2P5GL9VlU71ap5IBIt5GV5jHRiYq5uJLnQSI+jtpbw/w==",
      "cpu": [
        "x64"
      ],
      "dev": true,
      "optional": true,
      "os": [
        "linux"
      ],
      "engines": {
        "node": ">=20.11.0"
      }
    },
    "node_modules/@rescript/win32-x64": {
      "version": "12.0.0-beta.1",
      "resolved": "https://registry.npmjs.org/@rescript/win32-x64/-/win32-x64-12.0.0-beta.1.tgz",
      "integrity": "sha512-aTXZ2c8AiBmoI3gAA8CQpgKYMjj6pAzuHnl3PQLRr9h5Hz7EWN9ZrktTa2GC0soP414lsl1Yyx7g9YIacypRAQ==",
      "cpu": [
        "x64"
      ],
      "dev": true,
      "optional": true,
      "os": [
        "win32"
      ],
      "engines": {
        "node": ">=20.11.0"
      }
    },
    "node_modules/rescript": {
      "version": "12.0.0-beta.1",
      "resolved": "https://registry.npmjs.org/rescript/-/rescript-12.0.0-beta.1.tgz",
      "integrity": "sha512-MuVs8AcHm3QU5knt5mBeGmvhz4LY4GEkF6MurzGDTcWm6TkdEC5zWfh5cOi08QKjlZDYzNBDCPXzTR7bnsCEAA==",
      "dev": true,
      "workspaces": [
        "packages/*",
        "packages/@rescript/*",
        "tests/dependencies/**",
        "tests/analysis_tests/**",
        "tests/docstring_tests",
        "tests/gentype_tests/**",
        "tests/tools_tests",
        "scripts/res"
      ],
      "bin": {
        "bsc": "cli/bsc.js",
        "bstracing": "cli/bstracing.js",
        "rescript": "cli/rescript.js",
        "rescript-legacy": "cli/rescript-legacy.js",
        "rescript-tools": "cli/rescript-tools.js"
      },
      "engines": {
        "node": ">=20.11.0"
      },
      "optionalDependencies": {
        "@rescript/darwin-arm64": "12.0.0-beta.1",
        "@rescript/darwin-x64": "12.0.0-beta.1",
        "@rescript/linux-arm64": "12.0.0-beta.1",
        "@rescript/linux-x64": "12.0.0-beta.1",
        "@rescript/win32-x64": "12.0.0-beta.1"
      }
    }
  },
  "dependencies": {
    "@rescript/darwin-arm64": {
      "version": "12.0.0-beta.1",
      "resolved": "https://registry.npmjs.org/@rescript/darwin-arm64/-/darwin-arm64-12.0.0-beta.1.tgz",
      "integrity": "sha512-NSzlBbuGDS1D5NTw2W7lh98Ylek8cTSz/kHmkugj2ePrEyuVDEAqLiyWsj6pbvJ4LQzr8ZOCf8emnmslDgauEg==",
      "dev": true,
      "optional": true
    },
    "@rescript/darwin-x64": {
      "version": "12.0.0-beta.1",
      "resolved": "https://registry.npmjs.org/@rescript/darwin-x64/-/darwin-x64-12.0.0-beta.1.tgz",
      "integrity": "sha512-Jr0yArQHiwxW3grALCcXDpAbK4V3Zsrg6Ekn6WixzfJR9LaXbquJFST/BOs0aO3kKj2kJrDSbvheHhPcCdNa9w==",
      "dev": true,
      "optional": true
    },
    "@rescript/linux-arm64": {
      "version": "12.0.0-beta.1",
      "resolved": "https://registry.npmjs.org/@rescript/linux-arm64/-/linux-arm64-12.0.0-beta.1.tgz",
      "integrity": "sha512-Hj8zcFd/QlNybKrj3AklIib1kbb5LuuXcBbNuD5vaMmbKwfAO8iUA9OTFyaHWqgMKurkKYEc2oa5IE3/EQntag==",
      "dev": true,
      "optional": true
    },
    "@rescript/linux-x64": {
      "version": "12.0.0-beta.1",
      "resolved": "https://registry.npmjs.org/@rescript/linux-x64/-/linux-x64-12.0.0-beta.1.tgz",
      "integrity": "sha512-ZDTIvFzior+KZ964firAG9Sm6WunJM8+2OIElXvGIL2P5GL9VlU71ap5IBIt5GV5jHRiYq5uJLnQSI+jtpbw/w==",
      "dev": true,
      "optional": true
    },
    "@rescript/win32-x64": {
      "version": "12.0.0-beta.1",
      "resolved": "https://registry.npmjs.org/@rescript/win32-x64/-/win32-x64-12.0.0-beta.1.tgz",
      "integrity": "sha512-aTXZ2c8AiBmoI3gAA8CQpgKYMjj6pAzuHnl3PQLRr9h5Hz7EWN9ZrktTa2GC0soP414lsl1Yyx7g9YIacypRAQ==",
      "dev": true,
      "optional": true
    },
    "rescript": {
      "version": "12.0.0-beta.1",
      "resolved": "https://registry.npmjs.org/rescript/-/rescript-12.0.0-beta.1.tgz",
      "integrity": "sha512-MuVs8AcHm3QU5knt5mBeGmvhz4LY4GEkF6MurzGDTcWm6TkdEC5zWfh5cOi08QKjlZDYzNBDCPXzTR7bnsCEAA==",
      "dev": true,
      "requires": {
        "@rescript/darwin-arm64": "12.0.0-beta.1",
        "@rescript/darwin-x64": "12.0.0-beta.1",
        "@rescript/linux-arm64": "12.0.0-beta.1",
        "@rescript/linux-x64": "12.0.0-beta.1",
        "@rescript/win32-x64": "12.0.0-beta.1"
      }
    }
  }
}
