{
  "name": "@glennsl/rescript-json-combinators",
  "version": "1.4.0",
  "lockfileVersion": 2,
  "requires": true,
  "packages": {
    "": {
      "name": "@glennsl/rescript-json-combinators",
      "version": "1.4.0",
      "license": "(LGPL-3.0 OR MPL-2.0)",
      "devDependencies": {
        "rescript": "^12.0.0-beta.4"
      },
      "engines": {
        "node": "*"
      }
    },
    "node_modules/@rescript/darwin-arm64": {
      "version": "12.0.0-beta.4",
      "resolved": "https://registry.npmjs.org/@rescript/darwin-arm64/-/darwin-arm64-12.0.0-beta.4.tgz",
      "integrity": "sha512-UenADkeR86PyFJ89AY0utG5fi1/3DLEBHoof0DjgXpMhZoPg+fjXcxRGhtBpN1Bov59kBLxIDLX0T6ZkFtjbwQ==",
      "cpu": [
        "arm64"
      ],
      "dev": true,
      "optional": true,
      "os": [
        "darwin"
      ],
      "engines": {
        "node": ">=20.11.0"
      }
    },
    "node_modules/@rescript/darwin-x64": {
      "version": "12.0.0-beta.4",
      "resolved": "https://registry.npmjs.org/@rescript/darwin-x64/-/darwin-x64-12.0.0-beta.4.tgz",
      "integrity": "sha512-aKSabtfetlVvA0EA2G4TBTlDH96CZsnmCMbsGwwMDvLLr4cmnmJoMO/nvgI5AdFcNUW/NGVtGVsgPfcmLd7EWQ==",
      "cpu": [
        "x64"
      ],
      "dev": true,
      "optional": true,
      "os": [
        "darwin"
      ],
      "engines": {
        "node": ">=20.11.0"
      }
    },
    "node_modules/@rescript/linux-arm64": {
      "version": "12.0.0-beta.4",
      "resolved": "https://registry.npmjs.org/@rescript/linux-arm64/-/linux-arm64-12.0.0-beta.4.tgz",
      "integrity": "sha512-UHClm/Gsdv5v2kLgEhkqfIsDeYSIuACGmHWPhskg93+EjeBHpPWr4DG/8XdhywZfTFgIGsIYzpZ3ejRfKq5X+Q==",
      "cpu": [
        "arm64"
      ],
      "dev": true,
      "optional": true,
      "os": [
        "linux"
      ],
      "engines": {
        "node": ">=20.11.0"
      }
    },
    "node_modules/@rescript/linux-x64": {
      "version": "12.0.0-beta.4",
      "resolved": "https://registry.npmjs.org/@rescript/linux-x64/-/linux-x64-12.0.0-beta.4.tgz",
      "integrity": "sha512-c7ueadv9lhK77sCi9zfQPkaz4vmzoW4U2b4GgUqkSzDlOxYT3ttWiC2+deGBJ26Q7CsWL/kFb0Hp2rydjkkexw==",
      "cpu": [
        "x64"
      ],
      "dev": true,
      "optional": true,
      "os": [
        "linux"
      ],
      "engines": {
        "node": ">=20.11.0"
      }
    },
    "node_modules/@rescript/win32-x64": {
      "version": "12.0.0-beta.4",
      "resolved": "https://registry.npmjs.org/@rescript/win32-x64/-/win32-x64-12.0.0-beta.4.tgz",
      "integrity": "sha512-qMhBvqQp0wnKp+z1do79NHb/j3t50946P4QH01/ErtJpTLEJUyx6OzaEaNu5r4iu+AXAKtFG26497JICvuTWJg==",
      "cpu": [
        "x64"
      ],
      "dev": true,
      "optional": true,
      "os": [
        "win32"
      ],
      "engines": {
        "node": ">=20.11.0"
      }
    },
    "node_modules/rescript": {
      "version": "12.0.0-beta.4",
      "resolved": "https://registry.npmjs.org/rescript/-/rescript-12.0.0-beta.4.tgz",
      "integrity": "sha512-Le3fnsa6MUDecmpnfIuJMA8cXraRLrdEd4Ho2m5OavTKbWgINzJiG3sqlnF1yPpWNPZ3nL5D8oRNakcpp1fbtg==",
      "dev": true,
      "workspaces": [
        "packages/*",
        "packages/@rescript/*",
        "tests/dependencies/**",
        "tests/analysis_tests/**",
        "tests/docstring_tests",
        "tests/gentype_tests/**",
        "tests/tools_tests",
        "scripts/res"
      ],
      "bin": {
        "bsc": "cli/bsc.js",
        "bstracing": "cli/bstracing.js",
        "rescript": "cli/rescript.js",
        "rescript-legacy": "cli/rescript-legacy.js",
        "rescript-tools": "cli/rescript-tools.js"
      },
      "engines": {
        "node": ">=20.11.0"
      },
      "optionalDependencies": {
        "@rescript/darwin-arm64": "12.0.0-beta.4",
        "@rescript/darwin-x64": "12.0.0-beta.4",
        "@rescript/linux-arm64": "12.0.0-beta.4",
        "@rescript/linux-x64": "12.0.0-beta.4",
        "@rescript/win32-x64": "12.0.0-beta.4"
      }
    }
  },
  "dependencies": {
    "@rescript/darwin-arm64": {
      "version": "12.0.0-beta.4",
      "resolved": "https://registry.npmjs.org/@rescript/darwin-arm64/-/darwin-arm64-12.0.0-beta.4.tgz",
      "integrity": "sha512-UenADkeR86PyFJ89AY0utG5fi1/3DLEBHoof0DjgXpMhZoPg+fjXcxRGhtBpN1Bov59kBLxIDLX0T6ZkFtjbwQ==",
      "dev": true,
      "optional": true
    },
    "@rescript/darwin-x64": {
      "version": "12.0.0-beta.4",
      "resolved": "https://registry.npmjs.org/@rescript/darwin-x64/-/darwin-x64-12.0.0-beta.4.tgz",
      "integrity": "sha512-aKSabtfetlVvA0EA2G4TBTlDH96CZsnmCMbsGwwMDvLLr4cmnmJoMO/nvgI5AdFcNUW/NGVtGVsgPfcmLd7EWQ==",
      "dev": true,
      "optional": true
    },
    "@rescript/linux-arm64": {
      "version": "12.0.0-beta.4",
      "resolved": "https://registry.npmjs.org/@rescript/linux-arm64/-/linux-arm64-12.0.0-beta.4.tgz",
      "integrity": "sha512-UHClm/Gsdv5v2kLgEhkqfIsDeYSIuACGmHWPhskg93+EjeBHpPWr4DG/8XdhywZfTFgIGsIYzpZ3ejRfKq5X+Q==",
      "dev": true,
      "optional": true
    },
    "@rescript/linux-x64": {
      "version": "12.0.0-beta.4",
      "resolved": "https://registry.npmjs.org/@rescript/linux-x64/-/linux-x64-12.0.0-beta.4.tgz",
      "integrity": "sha512-c7ueadv9lhK77sCi9zfQPkaz4vmzoW4U2b4GgUqkSzDlOxYT3ttWiC2+deGBJ26Q7CsWL/kFb0Hp2rydjkkexw==",
      "dev": true,
      "optional": true
    },
    "@rescript/win32-x64": {
      "version": "12.0.0-beta.4",
      "resolved": "https://registry.npmjs.org/@rescript/win32-x64/-/win32-x64-12.0.0-beta.4.tgz",
      "integrity": "sha512-qMhBvqQp0wnKp+z1do79NHb/j3t50946P4QH01/ErtJpTLEJUyx6OzaEaNu5r4iu+AXAKtFG26497JICvuTWJg==",
      "dev": true,
      "optional": true
    },
    "rescript": {
      "version": "12.0.0-beta.4",
      "resolved": "https://registry.npmjs.org/rescript/-/rescript-12.0.0-beta.4.tgz",
      "integrity": "sha512-Le3fnsa6MUDecmpnfIuJMA8cXraRLrdEd4Ho2m5OavTKbWgINzJiG3sqlnF1yPpWNPZ3nL5D8oRNakcpp1fbtg==",
      "dev": true,
      "requires": {
        "@rescript/darwin-arm64": "12.0.0-beta.4",
        "@rescript/darwin-x64": "12.0.0-beta.4",
        "@rescript/linux-arm64": "12.0.0-beta.4",
        "@rescript/linux-x64": "12.0.0-beta.4",
        "@rescript/win32-x64": "12.0.0-beta.4"
      }
    }
  }
}
